
Microsoft Visual Studio Solution File, Format Version 12.00
# Visual Studio Version 16
VisualStudioVersion = 16.0.29613.14
MinimumVisualStudioVersion = 10.0.40219.1
Project("{FAE04EC0-301F-11D3-BF4B-00C04F79EFBC}") = "ChuckAPI", "ChuckAPI\ChuckAPI.csproj", "{7C9B7837-61B9-4562-A209-3634B8525EBD}"
EndProject
Global
	GlobalSection(SolutionConfigurationPlatforms) = preSolution
		Debug|Any CPU = Debug|Any CPU
		Release|Any CPU = Release|Any CPU
	EndGlobalSection
	GlobalSection(ProjectConfigurationPlatforms) = postSolution
		{7C9B7837-61B9-4562-A209-3634B8525EBD}.Debug|Any CPU.ActiveCfg = Debug|Any CPU
		{7C9B7837-61B9-4562-A209-3634B8525EBD}.Debug|Any CPU.Build.0 = Debug|Any CPU
		{7C9B7837-61B9-4562-A209-3634B8525EBD}.Release|Any CPU.ActiveCfg = Release|Any CPU
		{7C9B7837-61B9-4562-A209-3634B8525EBD}.Release|Any CPU.Build.0 = Release|Any CPU
	EndGlobalSection
	GlobalSection(SolutionProperties) = preSolution
		HideSolutionNode = FALSE
	EndGlobalSection
	GlobalSection(ExtensibilityGlobals) = postSolution
		SolutionGuid = {3253E918-9744-4245-A28A-C9D855E9AF35}
	EndGlobalSection
EndGlobal
